
Microsoft Visual Studio Solution File, Format Version 12.00
# Visual Studio 15
VisualStudioVersion = 15.0.28307.421
MinimumVisualStudioVersion = 10.0.40219.1
Project("{FAE04EC0-301F-11D3-BF4B-00C04F79EFBC}") = "Benchmarking", "Benchmarking\Benchmarking.csproj", "{64642BB5-3650-41C3-B8BF-370F204D7E94}"
EndProject
Global
	GlobalSection(SolutionConfigurationPlatforms) = preSolution
		Debug|Any CPU = Debug|Any CPU
		Release|Any CPU = Release|Any CPU
	EndGlobalSection
	GlobalSection(ProjectConfigurationPlatforms) = postSolution
		{64642BB5-3650-41C3-B8BF-370F204D7E94}.Debug|Any CPU.ActiveCfg = Debug|Any CPU
		{64642BB5-3650-41C3-B8BF-370F204D7E94}.Debug|Any CPU.Build.0 = Debug|Any CPU
		{64642BB5-3650-41C3-B8BF-370F204D7E94}.Release|Any CPU.ActiveCfg = Release|Any CPU
		{64642BB5-3650-41C3-B8BF-370F204D7E94}.Release|Any CPU.Build.0 = Release|Any CPU
	EndGlobalSection
	GlobalSection(SolutionProperties) = preSolution
		HideSolutionNode = FALSE
	EndGlobalSection
	GlobalSection(ExtensibilityGlobals) = postSolution
		SolutionGuid = {E6C1392F-6764-4F3C-9596-A14E3BF39F4F}
	EndGlobalSection
EndGlobal
